{
  "lockfileVersion": 1,
  "configVersion": 0,
  "workspaces": {
    "": {
      "dependencies": {
        "@std/assert": "npm:@jsr/std__assert@1.0.17",
      },
      "peerDependencies": {
        "koffi": "^2.15.1",
      },
    },
  },
  "packages": {
    "@jsr/std__internal": ["@jsr/std__internal@1.0.12", "https://npm.jsr.io/~/11/@jsr/std__internal/1.0.12.tgz", {}, "sha512-6xReMW9p+paJgqoFRpOE2nogJFvzPfaLHLIlyADYjKMUcwDyjKZxryIbgcU+gxiTygn8yCjld1HoI0ET4/iZeA=="],

    "@std/assert": ["@jsr/std__assert@1.0.17", "https://npm.jsr.io/~/11/@jsr/std__assert/1.0.17.tgz", { "dependencies": { "@jsr/std__internal": "^1.0.12" } }, "sha512-3bJMMq3hoiKmC9UmxytkzKxj44YkspxuPV0qf3O+V0UpJbDChfTRwY2wACQzjSmi0e/ncFXcIlVizcdabz7IqQ=="],

    "koffi": ["koffi@2.15.1", "", {}, "sha512-mnc0C0crx/xMSljb5s9QbnLrlFHprioFO1hkXyuSuO/QtbpLDa0l/uM21944UfQunMKmp3/r789DTDxVyyH6aA=="],
  }
}
